
Microsoft Visual Studio Solution File, Format Version 12.00
# Visual Studio Version 17
VisualStudioVersion = 17.0.31919.166
MinimumVisualStudioVersion = 10.0.40219.1
Project("{FAE04EC0-301F-11D3-BF4B-00C04F79EFBC}") = "UC9_SENAC", "UC9_SENAC\UC9_SENAC.csproj", "{D3EF1550-049E-4569-9501-56A47E4EBD60}"
EndProject
Global
	GlobalSection(SolutionConfigurationPlatforms) = preSolution
		Debug|Any CPU = Debug|Any CPU
		Release|Any CPU = Release|Any CPU
	EndGlobalSection
	GlobalSection(ProjectConfigurationPlatforms) = postSolution
		{D3EF1550-049E-4569-9501-56A47E4EBD60}.Debug|Any CPU.ActiveCfg = Debug|Any CPU
		{D3EF1550-049E-4569-9501-56A47E4EBD60}.Debug|Any CPU.Build.0 = Debug|Any CPU
		{D3EF1550-049E-4569-9501-56A47E4EBD60}.Release|Any CPU.ActiveCfg = Release|Any CPU
		{D3EF1550-049E-4569-9501-56A47E4EBD60}.Release|Any CPU.Build.0 = Release|Any CPU
	EndGlobalSection
	GlobalSection(SolutionProperties) = preSolution
		HideSolutionNode = FALSE
	EndGlobalSection
	GlobalSection(ExtensibilityGlobals) = postSolution
		SolutionGuid = {3A3B0094-697F-4B7C-AB5B-F4C08F4A6687}
	EndGlobalSection
EndGlobal
